
Microsoft Visual Studio Solution File, Format Version 12.00
# Visual Studio Version 17
VisualStudioVersion = 17.9.34607.119
MinimumVisualStudioVersion = 10.0.40219.1
Project("{FAE04EC0-301F-11D3-BF4B-00C04F79EFBC}") = "Scarpe", "Scarpe\Scarpe.csproj", "{259EF78D-70A2-42A8-8BF9-2AED02A3383B}"
EndProject
Global
	GlobalSection(SolutionConfigurationPlatforms) = preSolution
		Debug|Any CPU = Debug|Any CPU
		Release|Any CPU = Release|Any CPU
	EndGlobalSection
	GlobalSection(ProjectConfigurationPlatforms) = postSolution
		{259EF78D-70A2-42A8-8BF9-2AED02A3383B}.Debug|Any CPU.ActiveCfg = Debug|Any CPU
		{259EF78D-70A2-42A8-8BF9-2AED02A3383B}.Debug|Any CPU.Build.0 = Debug|Any CPU
		{259EF78D-70A2-42A8-8BF9-2AED02A3383B}.Release|Any CPU.ActiveCfg = Release|Any CPU
		{259EF78D-70A2-42A8-8BF9-2AED02A3383B}.Release|Any CPU.Build.0 = Release|Any CPU
	EndGlobalSection
	GlobalSection(SolutionProperties) = preSolution
		HideSolutionNode = FALSE
	EndGlobalSection
	GlobalSection(ExtensibilityGlobals) = postSolution
		SolutionGuid = {46C628F9-BF8E-4402-BBB7-C33C0587835D}
	EndGlobalSection
EndGlobal
